// !$*UTF8*$!
{
	archiveVersion = 1;
	classes = {
	};
	objectVersion = 77;
	objects = {

/* Begin PBXBuildFile section */
		ABCDEF000000000000000071 /* AppCore in Frameworks */ = {isa = PBXBuildFile; productRef = ABCDEF000000000000000061 /* AppCore */; };
		ABCDEF000000000000000072 /* ComicNet in Frameworks */ = {isa = PBXBuildFile; productRef = ABCDEF000000000000000062 /* ComicNet */; };
		ABCDEF000000000000000073 /* SourceEngine in Frameworks */ = {isa = PBXBuildFile; productRef = ABCDEF000000000000000063 /* SourceEngine */; };
		ABCDEF000000000000000074 /* ComicDownload in Frameworks */ = {isa = PBXBuildFile; productRef = ABCDEF000000000000000064 /* ComicDownload */; };
		ABCDEF000000000000000075 /* AppDatabase in Frameworks */ = {isa = PBXBuildFile; productRef = ABCDEF000000000000000065 /* AppDatabase */; };
/* End PBXBuildFile section */

/* Begin PBXContainerItemProxy section */
		ABCDEF000000000000000029 /* PBXContainerItemProxy */ = {
			isa = PBXContainerItemProxy;
			containerPortal = ABCDEF000000000000000001 /* Project object */;
			proxyType = 1;
			remoteGlobalIDString = ABCDEF000000000000000010;
			remoteInfo = MangaTranslater;
		};
/* End PBXContainerItemProxy section */

/* Begin PBXFileReference section */
		ABCDEF000000000000000011 /* MangaTranslater.app */ = {isa = PBXFileReference; explicitFileType = wrapper.application; includeInIndex = 0; path = MangaTranslater.app; sourceTree = BUILT_PRODUCTS_DIR; };
		ABCDEF000000000000000021 /* MangaTranslaterTests.xctest */ = {isa = PBXFileReference; explicitFileType = wrapper.cfbundle; includeInIndex = 0; path = MangaTranslaterTests.xctest; sourceTree = BUILT_PRODUCTS_DIR; };
/* End PBXFileReference section */

/* Begin PBXFileSystemSynchronizedBuildFileExceptionSet section */
		ABCDEF000000000000000041 /* Exceptions for "MangaTranslater" folder in "MangaTranslater" target */ = {
			isa = PBXFileSystemSynchronizedBuildFileExceptionSet;
			membershipExceptions = (
				Info.plist,
				"MangaTranslaterTests/AppSettingsTests.swift",
				"MangaTranslaterTests/TestSupport.swift",
				"MangaTranslaterTests/SourceAPIDocTests.swift",
				"MangaTranslaterTests/LibraryStoreTests.swift",
				"MangaTranslaterTests/ZipDeflateTests.swift",
				"MangaTranslaterTests/LocalSourceTests.swift",
				"MangaTranslaterTests/ReaderSessionTests.swift",
				"MangaTranslaterTests/ZoomStateTests.swift",
				"MangaTranslaterTests/JSSourceRuntimeTests.swift",
				"MangaTranslaterTests/HTMLTests.swift",
				"MangaTranslaterTests/CSSSelectorTests.swift",
				"MangaTranslaterTests/JSSourceHTMLBridgeTests.swift",
				"MangaTranslaterTests/JSSourceBridgeTests.swift",
				"MangaTranslaterTests/SourceRunnerTests.swift",
				"MangaTranslaterTests/SourceResponseDecoderTests.swift",
				"MangaTranslaterTests/SourceVersionTests.swift",
				"MangaTranslaterTests/SourceRepositoryServiceTests.swift",
				"MangaTranslaterTests/SourceRuntimePoolTests.swift",
				"MangaTranslaterTests/SourceImageLoaderTests.swift",
				"MangaTranslaterTests/SourceBrowseModelTests.swift",
				"MangaTranslaterTests/ReadingSourcesTests.swift",
				"MangaTranslaterTests/DemoCorpus.swift",
				"MangaTranslaterTests/DemoRepositoryTests.swift",
				"MangaTranslaterTests/DownloadArchiveStoreTests.swift",
				"MangaTranslaterTests/DownloadCoordinatorTests.swift",
				"MangaTranslaterTests/SourcePageFetcherTests.swift",
				"MangaTranslaterTests/DownloadedReadingTests.swift",
				"MangaTranslaterTests/HostedServerTests.swift",
				"MangaTranslaterTests/HostedDataSourceTests.swift",
				"MangaTranslaterTests/DataSourceProviderTests.swift",
				"MangaTranslaterTests/LoginAndChallengeTests.swift",
				"MangaTranslaterTests/CoverThumbnailCacheTests.swift",
				"MangaTranslaterTests/DiagnosticsTests.swift",
				"MangaTranslaterTests/ModelTests.swift",
				"MangaTranslaterTests/CookieJarTests.swift",
				"MangaTranslaterTests/HTTPClientTests.swift",
				"MangaTranslaterTests/RateLimiterTests.swift",
				"MangaTranslaterTests/SourceIndexTests.swift",
				"MangaTranslaterTests/SourceScriptTests.swift",
				"MangaTranslaterTests/SourceStoreTests.swift",
				"MangaTranslaterTests/DownloadQueueTests.swift",
				"MangaTranslaterTests/ZipArchiveTests.swift",
				"MangaTranslaterTests/IntegrationTests.swift",
				"MangaTranslaterTests/TranslationCoreTests.swift",
				"MangaTranslaterTests/InteractionRulesTests.swift",
				"MangaTranslaterTests/LocalizationAndLegalTests.swift",
				"MangaTranslaterTests/TranslationStoreTests.swift",
				"MangaTranslaterTests/TranslationControllerTests.swift",
				"MangaTranslaterTests/CloudClientTests.swift",
				"MangaTranslaterTests/CloudAccountTests.swift",
			);
			target = ABCDEF000000000000000010 /* MangaTranslater */;
		};
		ABCDEF000000000000000042 /* Exceptions for "MangaTranslater" folder in "MangaTranslaterTests" target */ = {
			isa = PBXFileSystemSynchronizedBuildFileExceptionSet;
			membershipExceptions = (
				"MangaTranslaterTests/AppSettingsTests.swift",
				"MangaTranslaterTests/TestSupport.swift",
				"MangaTranslaterTests/SourceAPIDocTests.swift",
				"MangaTranslaterTests/LibraryStoreTests.swift",
				"MangaTranslaterTests/ZipDeflateTests.swift",
				"MangaTranslaterTests/LocalSourceTests.swift",
				"MangaTranslaterTests/ReaderSessionTests.swift",
				"MangaTranslaterTests/ZoomStateTests.swift",
				"MangaTranslaterTests/JSSourceRuntimeTests.swift",
				"MangaTranslaterTests/HTMLTests.swift",
				"MangaTranslaterTests/CSSSelectorTests.swift",
				"MangaTranslaterTests/JSSourceHTMLBridgeTests.swift",
				"MangaTranslaterTests/JSSourceBridgeTests.swift",
				"MangaTranslaterTests/SourceRunnerTests.swift",
				"MangaTranslaterTests/SourceResponseDecoderTests.swift",
				"MangaTranslaterTests/SourceVersionTests.swift",
				"MangaTranslaterTests/SourceRepositoryServiceTests.swift",
				"MangaTranslaterTests/SourceRuntimePoolTests.swift",
				"MangaTranslaterTests/SourceImageLoaderTests.swift",
				"MangaTranslaterTests/SourceBrowseModelTests.swift",
				"MangaTranslaterTests/ReadingSourcesTests.swift",
				"MangaTranslaterTests/DemoCorpus.swift",
				"MangaTranslaterTests/DemoRepositoryTests.swift",
				"MangaTranslaterTests/DownloadArchiveStoreTests.swift",
				"MangaTranslaterTests/DownloadCoordinatorTests.swift",
				"MangaTranslaterTests/SourcePageFetcherTests.swift",
				"MangaTranslaterTests/DownloadedReadingTests.swift",
				"MangaTranslaterTests/HostedServerTests.swift",
				"MangaTranslaterTests/HostedDataSourceTests.swift",
				"MangaTranslaterTests/DataSourceProviderTests.swift",
				"MangaTranslaterTests/LoginAndChallengeTests.swift",
				"MangaTranslaterTests/CoverThumbnailCacheTests.swift",
				"MangaTranslaterTests/DiagnosticsTests.swift",
				"MangaTranslaterTests/ModelTests.swift",
				"MangaTranslaterTests/CookieJarTests.swift",
				"MangaTranslaterTests/HTTPClientTests.swift",
				"MangaTranslaterTests/RateLimiterTests.swift",
				"MangaTranslaterTests/SourceIndexTests.swift",
				"MangaTranslaterTests/SourceScriptTests.swift",
				"MangaTranslaterTests/SourceStoreTests.swift",
				"MangaTranslaterTests/DownloadQueueTests.swift",
				"MangaTranslaterTests/ZipArchiveTests.swift",
				"MangaTranslaterTests/IntegrationTests.swift",
				"MangaTranslaterTests/TranslationCoreTests.swift",
				"MangaTranslaterTests/InteractionRulesTests.swift",
				"MangaTranslaterTests/LocalizationAndLegalTests.swift",
				"MangaTranslaterTests/TranslationStoreTests.swift",
				"MangaTranslaterTests/TranslationControllerTests.swift",
				"MangaTranslaterTests/CloudClientTests.swift",
				"MangaTranslaterTests/CloudAccountTests.swift",
			);
			target = ABCDEF000000000000000020 /* MangaTranslaterTests */;
		};
/* End PBXFileSystemSynchronizedBuildFileExceptionSet section */

/* Begin PBXFileSystemSynchronizedRootGroup section */
		ABCDEF000000000000000040 /* MangaTranslater */ = {
			isa = PBXFileSystemSynchronizedRootGroup;
			exceptions = (
				ABCDEF000000000000000041 /* Exceptions for "MangaTranslater" folder in "MangaTranslater" target */,
				ABCDEF000000000000000042 /* Exceptions for "MangaTranslater" folder in "MangaTranslaterTests" target */,
			);
			path = MangaTranslater;
			sourceTree = "<group>";
		};
/* End PBXFileSystemSynchronizedRootGroup section */

/* Begin PBXFrameworksBuildPhase section */
		ABCDEF000000000000000013 /* Frameworks */ = {
			isa = PBXFrameworksBuildPhase;
			buildActionMask = 2147483647;
			files = (
				ABCDEF000000000000000074 /* ComicDownload in Frameworks */,
				ABCDEF000000000000000075 /* AppDatabase in Frameworks */,
				ABCDEF000000000000000073 /* SourceEngine in Frameworks */,
				ABCDEF000000000000000072 /* ComicNet in Frameworks */,
				ABCDEF000000000000000071 /* AppCore in Frameworks */,
			);
			runOnlyForDeploymentPostprocessing = 0;
		};
		ABCDEF000000000000000023 /* Frameworks */ = {
			isa = PBXFrameworksBuildPhase;
			buildActionMask = 2147483647;
			files = (
			);
			runOnlyForDeploymentPostprocessing = 0;
		};
/* End PBXFrameworksBuildPhase section */

/* Begin PBXGroup section */
		ABCDEF000000000000000002 = {
			isa = PBXGroup;
			children = (
				ABCDEF000000000000000040 /* MangaTranslater */,
				ABCDEF000000000000000003 /* Products */,
			);
			sourceTree = "<group>";
		};
		ABCDEF000000000000000003 /* Products */ = {
			isa = PBXGroup;
			children = (
				ABCDEF000000000000000011 /* MangaTranslater.app */,
				ABCDEF000000000000000021 /* MangaTranslaterTests.xctest */,
			);
			name = Products;
			sourceTree = "<group>";
		};
/* End PBXGroup section */

/* Begin PBXNativeTarget section */
		ABCDEF000000000000000010 /* MangaTranslater */ = {
			isa = PBXNativeTarget;
			buildConfigurationList = ABCDEF000000000000000015 /* Build configuration list for PBXNativeTarget "MangaTranslater" */;
			buildPhases = (
				ABCDEF000000000000000012 /* Sources */,
				ABCDEF000000000000000013 /* Frameworks */,
				ABCDEF000000000000000014 /* Resources */,
			);
			buildRules = (
			);
			dependencies = (
			);
			fileSystemSynchronizedGroups = (
				ABCDEF000000000000000040 /* MangaTranslater */,
			);
			name = MangaTranslater;
			packageProductDependencies = (
				ABCDEF000000000000000061 /* AppCore */,
				ABCDEF000000000000000062 /* ComicNet */,
				ABCDEF000000000000000063 /* SourceEngine */,
				ABCDEF000000000000000064 /* ComicDownload */,
				ABCDEF000000000000000065 /* AppDatabase */,
			);
			productName = MangaTranslater;
			productReference = ABCDEF000000000000000011 /* MangaTranslater.app */;
			productType = "com.apple.product-type.application";
		};
		ABCDEF000000000000000020 /* MangaTranslaterTests */ = {
			isa = PBXNativeTarget;
			buildConfigurationList = ABCDEF000000000000000025 /* Build configuration list for PBXNativeTarget "MangaTranslaterTests" */;
			buildPhases = (
				ABCDEF000000000000000022 /* Sources */,
				ABCDEF000000000000000023 /* Frameworks */,
				ABCDEF000000000000000024 /* Resources */,
			);
			buildRules = (
			);
			dependencies = (
				ABCDEF000000000000000028 /* PBXTargetDependency */,
			);
			name = MangaTranslaterTests;
			packageProductDependencies = (
			);
			productName = MangaTranslaterTests;
			productReference = ABCDEF000000000000000021 /* MangaTranslaterTests.xctest */;
			productType = "com.apple.product-type.bundle.unit-test";
		};
/* End PBXNativeTarget section */

/* Begin PBXProject section */
		ABCDEF000000000000000001 /* Project object */ = {
			isa = PBXProject;
			attributes = {
				BuildIndependentTargetsInParallel = 1;
				LastSwiftUpdateCheck = 1600;
				LastUpgradeCheck = 1600;
				TargetAttributes = {
					ABCDEF000000000000000010 = {
						CreatedOnToolsVersion = 16.0;
					};
					ABCDEF000000000000000020 = {
						CreatedOnToolsVersion = 16.0;
						TestTargetID = ABCDEF000000000000000010;
					};
				};
			};
			buildConfigurationList = ABCDEF000000000000000030 /* Build configuration list for PBXProject "MangaTranslater" */;
			developmentRegion = en;
			hasScannedForEncodings = 0;
			knownRegions = (
				en,
				Base,
				"zh-Hans",
			);
			mainGroup = ABCDEF000000000000000002;
			minimizedProjectReferenceProxies = 1;
			packageReferences = (
				ABCDEF000000000000000051 /* XCLocalSwiftPackageReference "Packages/AppCore" */,
				ABCDEF000000000000000052 /* XCLocalSwiftPackageReference "Packages/ComicNet" */,
				ABCDEF000000000000000053 /* XCLocalSwiftPackageReference "Packages/SourceEngine" */,
				ABCDEF000000000000000054 /* XCLocalSwiftPackageReference "Packages/ComicDownload" */,
				ABCDEF000000000000000055 /* XCLocalSwiftPackageReference "Packages/AppDatabase" */,
			);
			preferredProjectObjectVersion = 77;
			productRefGroup = ABCDEF000000000000000003 /* Products */;
			projectDirPath = "";
			projectRoot = "";
			targets = (
				ABCDEF000000000000000010 /* MangaTranslater */,
				ABCDEF000000000000000020 /* MangaTranslaterTests */,
			);
		};
/* End PBXProject section */

/* Begin PBXResourcesBuildPhase section */
		ABCDEF000000000000000014 /* Resources */ = {
			isa = PBXResourcesBuildPhase;
			buildActionMask = 2147483647;
			files = (
			);
			runOnlyForDeploymentPostprocessing = 0;
		};
		ABCDEF000000000000000024 /* Resources */ = {
			isa = PBXResourcesBuildPhase;
			buildActionMask = 2147483647;
			files = (
			);
			runOnlyForDeploymentPostprocessing = 0;
		};
/* End PBXResourcesBuildPhase section */

/* Begin PBXSourcesBuildPhase section */
		ABCDEF000000000000000012 /* Sources */ = {
			isa = PBXSourcesBuildPhase;
			buildActionMask = 2147483647;
			files = (
			);
			runOnlyForDeploymentPostprocessing = 0;
		};
		ABCDEF000000000000000022 /* Sources */ = {
			isa = PBXSourcesBuildPhase;
			buildActionMask = 2147483647;
			files = (
			);
			runOnlyForDeploymentPostprocessing = 0;
		};
/* End PBXSourcesBuildPhase section */

/* Begin PBXTargetDependency section */
		ABCDEF000000000000000028 /* PBXTargetDependency */ = {
			isa = PBXTargetDependency;
			target = ABCDEF000000000000000010 /* MangaTranslater */;
			targetProxy = ABCDEF000000000000000029 /* PBXContainerItemProxy */;
		};
/* End PBXTargetDependency section */

/* Begin XCBuildConfiguration section */
		ABCDEF000000000000000016 /* Debug */ = {
			isa = XCBuildConfiguration;
			buildSettings = {
				ASSETCATALOG_COMPILER_APPICON_NAME = AppIcon;
				ASSETCATALOG_COMPILER_GLOBAL_ACCENT_COLOR_NAME = AccentColor;
				CODE_SIGN_ENTITLEMENTS = MangaTranslater/MangaTranslater.entitlements;
				CODE_SIGN_STYLE = Automatic;
				CURRENT_PROJECT_VERSION = 1;
				ENABLE_PREVIEWS = YES;
				GENERATE_INFOPLIST_FILE = YES;
				INFOPLIST_FILE = MangaTranslater/Info.plist;
				INFOPLIST_KEY_CFBundleDisplayName = MangaTranslater;
				INFOPLIST_KEY_LSApplicationCategoryType = "public.app-category.entertainment";
				INFOPLIST_KEY_UIApplicationSceneManifest_Generation = YES;
				INFOPLIST_KEY_UIApplicationSupportsIndirectInputEvents = YES;
				INFOPLIST_KEY_UILaunchScreen_Generation = YES;
				INFOPLIST_KEY_UIStatusBarStyle = UIStatusBarStyleDefault;
				INFOPLIST_KEY_UISupportedInterfaceOrientations_iPad = "UIInterfaceOrientationPortrait UIInterfaceOrientationPortraitUpsideDown UIInterfaceOrientationLandscapeLeft UIInterfaceOrientationLandscapeRight";
				INFOPLIST_KEY_UISupportedInterfaceOrientations_iPhone = "UIInterfaceOrientationPortrait UIInterfaceOrientationLandscapeLeft UIInterfaceOrientationLandscapeRight";
				IPHONEOS_DEPLOYMENT_TARGET = 18.0;
				LD_RUNPATH_SEARCH_PATHS = "@executable_path/Frameworks";
				MARKETING_VERSION = 1.0.0;
				PRODUCT_BUNDLE_IDENTIFIER = com.mangatranslater.ios;
				PRODUCT_NAME = "$(TARGET_NAME)";
				SDKROOT = iphoneos;
				SUPPORTED_PLATFORMS = "iphoneos iphonesimulator";
				SWIFT_EMIT_LOC_STRINGS = YES;
				SWIFT_VERSION = 5.0;
				TARGETED_DEVICE_FAMILY = "1,2";
			};
			name = Debug;
		};
		ABCDEF000000000000000017 /* Release */ = {
			isa = XCBuildConfiguration;
			buildSettings = {
				ASSETCATALOG_COMPILER_APPICON_NAME = AppIcon;
				ASSETCATALOG_COMPILER_GLOBAL_ACCENT_COLOR_NAME = AccentColor;
				CODE_SIGN_ENTITLEMENTS = MangaTranslater/MangaTranslater.entitlements;
				CODE_SIGN_STYLE = Automatic;
				CURRENT_PROJECT_VERSION = 1;
				ENABLE_PREVIEWS = YES;
				GENERATE_INFOPLIST_FILE = YES;
				INFOPLIST_FILE = MangaTranslater/Info.plist;
				INFOPLIST_KEY_CFBundleDisplayName = MangaTranslater;
				INFOPLIST_KEY_LSApplicationCategoryType = "public.app-category.entertainment";
				INFOPLIST_KEY_UIApplicationSceneManifest_Generation = YES;
				INFOPLIST_KEY_UIApplicationSupportsIndirectInputEvents = YES;
				INFOPLIST_KEY_UILaunchScreen_Generation = YES;
				INFOPLIST_KEY_UIStatusBarStyle = UIStatusBarStyleDefault;
				INFOPLIST_KEY_UISupportedInterfaceOrientations_iPad = "UIInterfaceOrientationPortrait UIInterfaceOrientationPortraitUpsideDown UIInterfaceOrientationLandscapeLeft UIInterfaceOrientationLandscapeRight";
				INFOPLIST_KEY_UISupportedInterfaceOrientations_iPhone = "UIInterfaceOrientationPortrait UIInterfaceOrientationLandscapeLeft UIInterfaceOrientationLandscapeRight";
				IPHONEOS_DEPLOYMENT_TARGET = 18.0;
				LD_RUNPATH_SEARCH_PATHS = "@executable_path/Frameworks";
				MARKETING_VERSION = 1.0.0;
				PRODUCT_BUNDLE_IDENTIFIER = com.mangatranslater.ios;
				PRODUCT_NAME = "$(TARGET_NAME)";
				SDKROOT = iphoneos;
				SUPPORTED_PLATFORMS = "iphoneos iphonesimulator";
				SWIFT_EMIT_LOC_STRINGS = YES;
				SWIFT_VERSION = 5.0;
				TARGETED_DEVICE_FAMILY = "1,2";
			};
			name = Release;
		};
		ABCDEF000000000000000031 /* Debug */ = {
			isa = XCBuildConfiguration;
			buildSettings = {
				ALWAYS_SEARCH_USER_PATHS = NO;
				ASSETCATALOG_COMPILER_GENERATE_SWIFT_ASSET_SYMBOL_EXTENSIONS = YES;
				CLANG_ANALYZER_NONNULL = YES;
				CLANG_ANALYZER_NUMBER_OBJECT_CONVERSION = YES_AGGRESSIVE;
				CLANG_CXX_LANGUAGE_STANDARD = "gnu++20";
				CLANG_ENABLE_MODULES = YES;
				CLANG_ENABLE_OBJC_ARC = YES;
				CLANG_ENABLE_OBJC_WEAK = YES;
				CLANG_WARN_BLOCK_CAPTURE_AUTORELEASING = YES;
				CLANG_WARN_BOOL_CONVERSION = YES;
				CLANG_WARN_COMMA = YES;
				CLANG_WARN_CONSTANT_CONVERSION = YES;
				CLANG_WARN_DEPRECATED_OBJC_IMPLEMENTATIONS = YES;
				CLANG_WARN_DIRECT_OBJC_ISA_USAGE = YES_ERROR;
				CLANG_WARN_DOCUMENTATION_COMMENTS = YES;
				CLANG_WARN_EMPTY_BODY = YES;
				CLANG_WARN_ENUM_CONVERSION = YES;
				CLANG_WARN_INFINITE_RECURSION = YES;
				CLANG_WARN_INT_CONVERSION = YES;
				CLANG_WARN_NON_LITERAL_NULL_CONVERSION = YES;
				CLANG_WARN_OBJC_IMPLICIT_RETAIN_SELF = YES;
				CLANG_WARN_OBJC_LITERAL_CONVERSION = YES;
				CLANG_WARN_OBJC_ROOT_CLASS = YES_ERROR;
				CLANG_WARN_QUOTED_INCLUDE_IN_FRAMEWORK_HEADER = YES;
				CLANG_WARN_RANGE_LOOP_ANALYSIS = YES;
				CLANG_WARN_STRICT_PROTOTYPES = YES;
				CLANG_WARN_SUSPICIOUS_MOVE = YES;
				CLANG_WARN_UNGUARDED_AVAILABILITY = YES_AGGRESSIVE;
				CLANG_WARN_UNREACHABLE_CODE = YES;
				CLANG_WARN__DUPLICATE_METHOD_MATCH = YES;
				COPY_PHASE_STRIP = NO;
				DEBUG_INFORMATION_FORMAT = dwarf;
				ENABLE_STRICT_OBJC_MSGSEND = YES;
				ENABLE_TESTABILITY = YES;
				ENABLE_USER_SCRIPT_SANDBOXING = YES;
				GCC_C_LANGUAGE_STANDARD = gnu17;
				GCC_DYNAMIC_NO_PIC = NO;
				GCC_NO_COMMON_BLOCKS = YES;
				GCC_OPTIMIZATION_LEVEL = 0;
				GCC_PREPROCESSOR_DEFINITIONS = (
					"DEBUG=1",
					"$(inherited)",
				);
				GCC_WARN_64_TO_32_BIT_CONVERSION = YES;
				GCC_WARN_ABOUT_RETURN_TYPE = YES_ERROR;
				GCC_WARN_UNDECLARED_SELECTOR = YES;
				GCC_WARN_UNINITIALIZED_AUTOS = YES_AGGRESSIVE;
				GCC_WARN_UNUSED_FUNCTION = YES;
				GCC_WARN_UNUSED_VARIABLE = YES;
				IPHONEOS_DEPLOYMENT_TARGET = 18.0;
				LOCALIZATION_PREFERS_STRING_CATALOGS = NO;
				MTL_ENABLE_DEBUG_INFO = INCLUDE_SOURCE;
				MTL_FAST_MATH = YES;
				ONLY_ACTIVE_ARCH = YES;
				SDKROOT = iphoneos;
				SWIFT_ACTIVE_COMPILATION_CONDITIONS = "DEBUG $(inherited)";
				SWIFT_OPTIMIZATION_LEVEL = "-Onone";
			};
			name = Debug;
		};
		ABCDEF000000000000000032 /* Release */ = {
			isa = XCBuildConfiguration;
			buildSettings = {
				ALWAYS_SEARCH_USER_PATHS = NO;
				ASSETCATALOG_COMPILER_GENERATE_SWIFT_ASSET_SYMBOL_EXTENSIONS = YES;
				CLANG_ANALYZER_NONNULL = YES;
				CLANG_ANALYZER_NUMBER_OBJECT_CONVERSION = YES_AGGRESSIVE;
				CLANG_CXX_LANGUAGE_STANDARD = "gnu++20";
				CLANG_ENABLE_MODULES = YES;
				CLANG_ENABLE_OBJC_ARC = YES;
				CLANG_ENABLE_OBJC_WEAK = YES;
				CLANG_WARN_BLOCK_CAPTURE_AUTORELEASING = YES;
				CLANG_WARN_BOOL_CONVERSION = YES;
				CLANG_WARN_COMMA = YES;
				CLANG_WARN_CONSTANT_CONVERSION = YES;
				CLANG_WARN_DEPRECATED_OBJC_IMPLEMENTATIONS = YES;
				CLANG_WARN_DIRECT_OBJC_ISA_USAGE = YES_ERROR;
				CLANG_WARN_DOCUMENTATION_COMMENTS = YES;
				CLANG_WARN_EMPTY_BODY = YES;
				CLANG_WARN_ENUM_CONVERSION = YES;
				CLANG_WARN_INFINITE_RECURSION = YES;
				CLANG_WARN_INT_CONVERSION = YES;
				CLANG_WARN_NON_LITERAL_NULL_CONVERSION = YES;
				CLANG_WARN_OBJC_IMPLICIT_RETAIN_SELF = YES;
				CLANG_WARN_OBJC_LITERAL_CONVERSION = YES;
				CLANG_WARN_OBJC_ROOT_CLASS = YES_ERROR;
				CLANG_WARN_QUOTED_INCLUDE_IN_FRAMEWORK_HEADER = YES;
				CLANG_WARN_RANGE_LOOP_ANALYSIS = YES;
				CLANG_WARN_STRICT_PROTOTYPES = YES;
				CLANG_WARN_SUSPICIOUS_MOVE = YES;
				CLANG_WARN_UNGUARDED_AVAILABILITY = YES_AGGRESSIVE;
				CLANG_WARN_UNREACHABLE_CODE = YES;
				CLANG_WARN__DUPLICATE_METHOD_MATCH = YES;
				COPY_PHASE_STRIP = NO;
				DEBUG_INFORMATION_FORMAT = "dwarf-with-dsym";
				ENABLE_NS_ASSERTIONS = NO;
				ENABLE_STRICT_OBJC_MSGSEND = YES;
				ENABLE_USER_SCRIPT_SANDBOXING = YES;
				GCC_C_LANGUAGE_STANDARD = gnu17;
				GCC_NO_COMMON_BLOCKS = YES;
				GCC_WARN_64_TO_32_BIT_CONVERSION = YES;
				GCC_WARN_ABOUT_RETURN_TYPE = YES_ERROR;
				GCC_WARN_UNDECLARED_SELECTOR = YES;
				GCC_WARN_UNINITIALIZED_AUTOS = YES_AGGRESSIVE;
				GCC_WARN_UNUSED_FUNCTION = YES;
				GCC_WARN_UNUSED_VARIABLE = YES;
				IPHONEOS_DEPLOYMENT_TARGET = 18.0;
				LOCALIZATION_PREFERS_STRING_CATALOGS = NO;
				MTL_ENABLE_DEBUG_INFO = NO;
				MTL_FAST_MATH = YES;
				SDKROOT = iphoneos;
				SWIFT_COMPILATION_MODE = wholemodule;
			};
			name = Release;
		};
		ABCDEF000000000000000026 /* Debug */ = {
			isa = XCBuildConfiguration;
			buildSettings = {
				BUNDLE_LOADER = "$(TEST_HOST)";
				CODE_SIGN_STYLE = Automatic;
				CURRENT_PROJECT_VERSION = 1;
				GENERATE_INFOPLIST_FILE = YES;
				IPHONEOS_DEPLOYMENT_TARGET = 18.0;
				MARKETING_VERSION = 1.0.0;
				PRODUCT_BUNDLE_IDENTIFIER = com.mangatranslater.iosTests;
				PRODUCT_NAME = "$(TARGET_NAME)";
				SDKROOT = iphoneos;
				SUPPORTED_PLATFORMS = "iphoneos iphonesimulator";
				SWIFT_EMIT_LOC_STRINGS = NO;
				SWIFT_VERSION = 5.0;
				TARGETED_DEVICE_FAMILY = "1,2";
				TEST_HOST = "$(BUILT_PRODUCTS_DIR)/MangaTranslater.app/$(BUNDLE_EXECUTABLE_FOLDER_PATH)/MangaTranslater";
			};
			name = Debug;
		};
		ABCDEF000000000000000027 /* Release */ = {
			isa = XCBuildConfiguration;
			buildSettings = {
				BUNDLE_LOADER = "$(TEST_HOST)";
				CODE_SIGN_STYLE = Automatic;
				CURRENT_PROJECT_VERSION = 1;
				GENERATE_INFOPLIST_FILE = YES;
				IPHONEOS_DEPLOYMENT_TARGET = 18.0;
				MARKETING_VERSION = 1.0.0;
				PRODUCT_BUNDLE_IDENTIFIER = com.mangatranslater.iosTests;
				PRODUCT_NAME = "$(TARGET_NAME)";
				SDKROOT = iphoneos;
				SUPPORTED_PLATFORMS = "iphoneos iphonesimulator";
				SWIFT_EMIT_LOC_STRINGS = NO;
				SWIFT_VERSION = 5.0;
				TARGETED_DEVICE_FAMILY = "1,2";
				TEST_HOST = "$(BUILT_PRODUCTS_DIR)/MangaTranslater.app/$(BUNDLE_EXECUTABLE_FOLDER_PATH)/MangaTranslater";
			};
			name = Release;
		};
/* End XCBuildConfiguration section */

/* Begin XCConfigurationList section */
		ABCDEF000000000000000030 /* Build configuration list for PBXProject "MangaTranslater" */ = {
			isa = XCConfigurationList;
			buildConfigurations = (
				ABCDEF000000000000000031 /* Debug */,
				ABCDEF000000000000000032 /* Release */,
			);
			defaultConfigurationIsVisible = 0;
			defaultConfigurationName = Release;
		};
		ABCDEF000000000000000015 /* Build configuration list for PBXNativeTarget "MangaTranslater" */ = {
			isa = XCConfigurationList;
			buildConfigurations = (
				ABCDEF000000000000000016 /* Debug */,
				ABCDEF000000000000000017 /* Release */,
			);
			defaultConfigurationIsVisible = 0;
			defaultConfigurationName = Release;
		};
		ABCDEF000000000000000025 /* Build configuration list for PBXNativeTarget "MangaTranslaterTests" */ = {
			isa = XCConfigurationList;
			buildConfigurations = (
				ABCDEF000000000000000026 /* Debug */,
				ABCDEF000000000000000027 /* Release */,
			);
			defaultConfigurationIsVisible = 0;
			defaultConfigurationName = Release;
		};
/* End XCConfigurationList section */

/* Begin XCLocalSwiftPackageReference section */
		ABCDEF000000000000000051 /* XCLocalSwiftPackageReference "Packages/AppCore" */ = {
			isa = XCLocalSwiftPackageReference;
			relativePath = Packages/AppCore;
		};
		ABCDEF000000000000000052 /* XCLocalSwiftPackageReference "Packages/ComicNet" */ = {
			isa = XCLocalSwiftPackageReference;
			relativePath = Packages/ComicNet;
		};
		ABCDEF000000000000000053 /* XCLocalSwiftPackageReference "Packages/SourceEngine" */ = {
			isa = XCLocalSwiftPackageReference;
			relativePath = Packages/SourceEngine;
		};
		ABCDEF000000000000000054 /* XCLocalSwiftPackageReference "Packages/ComicDownload" */ = {
			isa = XCLocalSwiftPackageReference;
			relativePath = Packages/ComicDownload;
		};
		ABCDEF000000000000000055 /* XCLocalSwiftPackageReference "Packages/AppDatabase" */ = {
			isa = XCLocalSwiftPackageReference;
			relativePath = Packages/AppDatabase;
		};
/* End XCLocalSwiftPackageReference section */

/* Begin XCSwiftPackageProductDependency section */
		ABCDEF000000000000000061 /* AppCore */ = {
			isa = XCSwiftPackageProductDependency;
			package = ABCDEF000000000000000051 /* XCLocalSwiftPackageReference "Packages/AppCore" */;
			productName = AppCore;
		};
		ABCDEF000000000000000062 /* ComicNet */ = {
			isa = XCSwiftPackageProductDependency;
			package = ABCDEF000000000000000052 /* XCLocalSwiftPackageReference "Packages/ComicNet" */;
			productName = ComicNet;
		};
		ABCDEF000000000000000063 /* SourceEngine */ = {
			isa = XCSwiftPackageProductDependency;
			package = ABCDEF000000000000000053 /* XCLocalSwiftPackageReference "Packages/SourceEngine" */;
			productName = SourceEngine;
		};
		ABCDEF000000000000000064 /* ComicDownload */ = {
			isa = XCSwiftPackageProductDependency;
			package = ABCDEF000000000000000054 /* XCLocalSwiftPackageReference "Packages/ComicDownload" */;
			productName = ComicDownload;
		};
		ABCDEF000000000000000065 /* AppDatabase */ = {
			isa = XCSwiftPackageProductDependency;
			package = ABCDEF000000000000000055 /* XCLocalSwiftPackageReference "Packages/AppDatabase" */;
			productName = AppDatabase;
		};
/* End XCSwiftPackageProductDependency section */
	};
	rootObject = ABCDEF000000000000000001 /* Project object */;
}
